
Microsoft Visual Studio Solution File, Format Version 12.00
# Visual Studio Version 16
VisualStudioVersion = 16.0.29709.97
MinimumVisualStudioVersion = 10.0.40219.1
Project("{FAE04EC0-301F-11D3-BF4B-00C04F79EFBC}") = "OpenWeatherMapAPI", "OpenWeatherMapAPI\OpenWeatherMapAPI.csproj", "{4C699103-DAF5-44D6-B18B-58D517EFCA7D}"
EndProject
Global
	GlobalSection(SolutionConfigurationPlatforms) = preSolution
		Debug|Any CPU = Debug|Any CPU
		Release|Any CPU = Release|Any CPU
	EndGlobalSection
	GlobalSection(ProjectConfigurationPlatforms) = postSolution
		{4C699103-DAF5-44D6-B18B-58D517EFCA7D}.Debug|Any CPU.ActiveCfg = Debug|Any CPU
		{4C699103-DAF5-44D6-B18B-58D517EFCA7D}.Debug|Any CPU.Build.0 = Debug|Any CPU
		{4C699103-DAF5-44D6-B18B-58D517EFCA7D}.Release|Any CPU.ActiveCfg = Release|Any CPU
		{4C699103-DAF5-44D6-B18B-58D517EFCA7D}.Release|Any CPU.Build.0 = Release|Any CPU
	EndGlobalSection
	GlobalSection(SolutionProperties) = preSolution
		HideSolutionNode = FALSE
	EndGlobalSection
	GlobalSection(ExtensibilityGlobals) = postSolution
		SolutionGuid = {B452289B-7BB1-4F07-A2A9-24A7FC3A89D1}
	EndGlobalSection
EndGlobal
